
Microsoft Visual Studio Solution File, Format Version 12.00
# Visual Studio Version 17
VisualStudioVersion = 17.6.33801.468
MinimumVisualStudioVersion = 10.0.40219.1
Project("{FAE04EC0-301F-11D3-BF4B-00C04F79EFBC}") = "Baalhyttebooking", "Baalhyttebooking\Baalhyttebooking.csproj", "{CC332C2B-04CA-472D-A8AE-380B7DFC6F16}"
EndProject
Global
	GlobalSection(SolutionConfigurationPlatforms) = preSolution
		Debug|Any CPU = Debug|Any CPU
		Release|Any CPU = Release|Any CPU
	EndGlobalSection
	GlobalSection(ProjectConfigurationPlatforms) = postSolution
		{CC332C2B-04CA-472D-A8AE-380B7DFC6F16}.Debug|Any CPU.ActiveCfg = Debug|Any CPU
		{CC332C2B-04CA-472D-A8AE-380B7DFC6F16}.Debug|Any CPU.Build.0 = Debug|Any CPU
		{CC332C2B-04CA-472D-A8AE-380B7DFC6F16}.Release|Any CPU.ActiveCfg = Release|Any CPU
		{CC332C2B-04CA-472D-A8AE-380B7DFC6F16}.Release|Any CPU.Build.0 = Release|Any CPU
	EndGlobalSection
	GlobalSection(SolutionProperties) = preSolution
		HideSolutionNode = FALSE
	EndGlobalSection
	GlobalSection(ExtensibilityGlobals) = postSolution
		SolutionGuid = {B03A4F66-8FD3-43FB-82CF-59E14F2635CA}
	EndGlobalSection
EndGlobal
